
Microsoft Visual Studio Solution File, Format Version 12.00
# Visual Studio Version 17
VisualStudioVersion = 17.1.32328.378
MinimumVisualStudioVersion = 10.0.40219.1
Project("{FAE04EC0-301F-11D3-BF4B-00C04F79EFBC}") = "KeyValueServices", "KeyValueServices\KeyValueServices.csproj", "{684C9B9E-5AA4-4CD8-931E-62A1D9DE75E3}"
EndProject
Global
	GlobalSection(SolutionConfigurationPlatforms) = preSolution
		Debug|Any CPU = Debug|Any CPU
		Release|Any CPU = Release|Any CPU
	EndGlobalSection
	GlobalSection(ProjectConfigurationPlatforms) = postSolution
		{684C9B9E-5AA4-4CD8-931E-62A1D9DE75E3}.Debug|Any CPU.ActiveCfg = Debug|Any CPU
		{684C9B9E-5AA4-4CD8-931E-62A1D9DE75E3}.Debug|Any CPU.Build.0 = Debug|Any CPU
		{684C9B9E-5AA4-4CD8-931E-62A1D9DE75E3}.Release|Any CPU.ActiveCfg = Release|Any CPU
		{684C9B9E-5AA4-4CD8-931E-62A1D9DE75E3}.Release|Any CPU.Build.0 = Release|Any CPU
	EndGlobalSection
	GlobalSection(SolutionProperties) = preSolution
		HideSolutionNode = FALSE
	EndGlobalSection
	GlobalSection(ExtensibilityGlobals) = postSolution
		SolutionGuid = {DEB3475A-B6CC-4A42-B56F-46A46079E871}
	EndGlobalSection
EndGlobal
